
Microsoft Visual Studio Solution File, Format Version 12.00
# Visual Studio Version 16
VisualStudioVersion = 16.0.29215.179
MinimumVisualStudioVersion = 10.0.40219.1
Project("{FAE04EC0-301F-11D3-BF4B-00C04F79EFBC}") = "dswartout1730ex1b", "dswartout1730ex1b\dswartout1730ex1b.csproj", "{96291EA4-F184-49F6-BDD0-D9582B122B76}"
EndProject
Project("{FAE04EC0-301F-11D3-BF4B-00C04F79EFBC}") = "dswartout1730ex1c", "dswartout1730ex1c\dswartout1730ex1c.csproj", "{FA7457A9-D13C-42E1-909A-B4F1637F945B}"
EndProject
Project("{FAE04EC0-301F-11D3-BF4B-00C04F79EFBC}") = "dswartout1730ex1d", "dswartout1730ex1d\dswartout1730ex1d.csproj", "{FB3D44F5-F654-4E80-B5BE-58492758CFCC}"
EndProject
Project("{FAE04EC0-301F-11D3-BF4B-00C04F79EFBC}") = "dswartout1730ex1e", "dswartout1730ex1e\dswartout1730ex1e.csproj", "{04F97F53-6111-4696-92AC-B09B12F56529}"
EndProject
Project("{FAE04EC0-301F-11D3-BF4B-00C04F79EFBC}") = "dswartout1730ex1f", "dswartout1730ex1f\dswartout1730ex1f.csproj", "{91AD4A41-D771-4F90-A134-D49DB17D7ED2}"
EndProject
Project("{FAE04EC0-301F-11D3-BF4B-00C04F79EFBC}") = "dswartout1730ex1g", "dswartout1730ex1g\dswartout1730ex1g.csproj", "{01D4EA2D-97F6-4571-B07A-4C1CA65EF758}"
EndProject
Project("{FAE04EC0-301F-11D3-BF4B-00C04F79EFBC}") = "dswartout1730ex2b", "dswartout1730ex2b\dswartout1730ex2b.csproj", "{1299EAA3-0830-4732-B22C-7B1AD4F21A01}"
EndProject
Global
	GlobalSection(SolutionConfigurationPlatforms) = preSolution
		Debug|Any CPU = Debug|Any CPU
		Release|Any CPU = Release|Any CPU
	EndGlobalSection
	GlobalSection(ProjectConfigurationPlatforms) = postSolution
		{96291EA4-F184-49F6-BDD0-D9582B122B76}.Debug|Any CPU.ActiveCfg = Debug|Any CPU
		{96291EA4-F184-49F6-BDD0-D9582B122B76}.Debug|Any CPU.Build.0 = Debug|Any CPU
		{96291EA4-F184-49F6-BDD0-D9582B122B76}.Release|Any CPU.ActiveCfg = Release|Any CPU
		{96291EA4-F184-49F6-BDD0-D9582B122B76}.Release|Any CPU.Build.0 = Release|Any CPU
		{FA7457A9-D13C-42E1-909A-B4F1637F945B}.Debug|Any CPU.ActiveCfg = Debug|Any CPU
		{FA7457A9-D13C-42E1-909A-B4F1637F945B}.Debug|Any CPU.Build.0 = Debug|Any CPU
		{FA7457A9-D13C-42E1-909A-B4F1637F945B}.Release|Any CPU.ActiveCfg = Release|Any CPU
		{FA7457A9-D13C-42E1-909A-B4F1637F945B}.Release|Any CPU.Build.0 = Release|Any CPU
		{FB3D44F5-F654-4E80-B5BE-58492758CFCC}.Debug|Any CPU.ActiveCfg = Debug|Any CPU
		{FB3D44F5-F654-4E80-B5BE-58492758CFCC}.Debug|Any CPU.Build.0 = Debug|Any CPU
		{FB3D44F5-F654-4E80-B5BE-58492758CFCC}.Release|Any CPU.ActiveCfg = Release|Any CPU
		{FB3D44F5-F654-4E80-B5BE-58492758CFCC}.Release|Any CPU.Build.0 = Release|Any CPU
		{04F97F53-6111-4696-92AC-B09B12F56529}.Debug|Any CPU.ActiveCfg = Debug|Any CPU
		{04F97F53-6111-4696-92AC-B09B12F56529}.Debug|Any CPU.Build.0 = Debug|Any CPU
		{04F97F53-6111-4696-92AC-B09B12F56529}.Release|Any CPU.ActiveCfg = Release|Any CPU
		{04F97F53-6111-4696-92AC-B09B12F56529}.Release|Any CPU.Build.0 = Release|Any CPU
		{91AD4A41-D771-4F90-A134-D49DB17D7ED2}.Debug|Any CPU.ActiveCfg = Debug|Any CPU
		{91AD4A41-D771-4F90-A134-D49DB17D7ED2}.Debug|Any CPU.Build.0 = Debug|Any CPU
		{91AD4A41-D771-4F90-A134-D49DB17D7ED2}.Release|Any CPU.ActiveCfg = Release|Any CPU
		{91AD4A41-D771-4F90-A134-D49DB17D7ED2}.Release|Any CPU.Build.0 = Release|Any CPU
		{01D4EA2D-97F6-4571-B07A-4C1CA65EF758}.Debug|Any CPU.ActiveCfg = Debug|Any CPU
		{01D4EA2D-97F6-4571-B07A-4C1CA65EF758}.Debug|Any CPU.Build.0 = Debug|Any CPU
		{01D4EA2D-97F6-4571-B07A-4C1CA65EF758}.Release|Any CPU.ActiveCfg = Release|Any CPU
		{01D4EA2D-97F6-4571-B07A-4C1CA65EF758}.Release|Any CPU.Build.0 = Release|Any CPU
		{1299EAA3-0830-4732-B22C-7B1AD4F21A01}.Debug|Any CPU.ActiveCfg = Debug|Any CPU
		{1299EAA3-0830-4732-B22C-7B1AD4F21A01}.Debug|Any CPU.Build.0 = Debug|Any CPU
		{1299EAA3-0830-4732-B22C-7B1AD4F21A01}.Release|Any CPU.ActiveCfg = Release|Any CPU
		{1299EAA3-0830-4732-B22C-7B1AD4F21A01}.Release|Any CPU.Build.0 = Release|Any CPU
	EndGlobalSection
	GlobalSection(SolutionProperties) = preSolution
		HideSolutionNode = FALSE
	EndGlobalSection
	GlobalSection(ExtensibilityGlobals) = postSolution
		SolutionGuid = {E2DA106D-3F85-4A7D-80A5-D401D5D6F99C}
	EndGlobalSection
EndGlobal
